{
  "requires": true,
  "lockfileVersion": 1,
  "dependencies": {
    "tslib": {
      "version": "1.14.0",
      "resolved": "https://registry.npmjs.org/tslib/-/tslib-1.14.0.tgz",
      "integrity": "sha512-+Zw5lu0D9tvBMjGP8LpvMb0u2WW2QV3y+D8mO6J+cNzCYIN4sVy43Bf9vl92nqFahutN0I8zHa7cc4vihIshnw=="
    },
    "zingchart": {
      "version": "2.9.1",
      "resolved": "https://registry.npmjs.org/zingchart/-/zingchart-2.9.1.tgz",
      "integrity": "sha512-LYCiqkzdDn5OxPqShfvUNcTtXxVgZDVqEztGINBb0EA9a1b1TOrLbW/BdJPpeobBahXSxvHYLO6NV/Dbw309Vw=="
    },
    "zingchart-angular": {
      "version": "1.0.0",
      "resolved": "https://registry.npmjs.org/zingchart-angular/-/zingchart-angular-1.0.0.tgz",
      "integrity": "sha512-T55KMk/1k5pcQ5sxTx0RTzIElbkJKWbvfgLTLiqaLz7kobrGLHxuNNS9Oya36p2Oaq/CxtoYFnCpM2V+zFd9Wg==",
      "requires": {
        "tslib": "^1.9.0",
        "zingchart": "^2.9.1",
        "zingchart-constants": "github:zingchart/zingchart-constants#master"
      }
    },
    "zingchart-constants": {
      "version": "github:zingchart/zingchart-constants#2cb0b3a55bbae8ee6fb943161fdd5b71618bc95f",
      "from": "github:zingchart/zingchart-constants#master"
    }
  }
}
